
Microsoft Visual Studio Solution File, Format Version 12.00
# Visual Studio 15
VisualStudioVersion = 15.0.27130.2036
MinimumVisualStudioVersion = 10.0.40219.1
Project("{9A19103F-16F7-4668-BE54-9A1E7A4F7556}") = "IntegraI", "Integra-I\IntegraI.csproj", "{FE0D1571-DC1D-4600-AD07-91AC0E50C847}"
EndProject
Global
	GlobalSection(SolutionConfigurationPlatforms) = preSolution
		Debug|Any CPU = Debug|Any CPU
		Release|Any CPU = Release|Any CPU
	EndGlobalSection
	GlobalSection(ProjectConfigurationPlatforms) = postSolution
		{FE0D1571-DC1D-4600-AD07-91AC0E50C847}.Debug|Any CPU.ActiveCfg = Debug|Any CPU
		{FE0D1571-DC1D-4600-AD07-91AC0E50C847}.Debug|Any CPU.Build.0 = Debug|Any CPU
		{FE0D1571-DC1D-4600-AD07-91AC0E50C847}.Release|Any CPU.ActiveCfg = Release|Any CPU
		{FE0D1571-DC1D-4600-AD07-91AC0E50C847}.Release|Any CPU.Build.0 = Release|Any CPU
	EndGlobalSection
	GlobalSection(SolutionProperties) = preSolution
		HideSolutionNode = FALSE
	EndGlobalSection
	GlobalSection(ExtensibilityGlobals) = postSolution
		SolutionGuid = {898AEA09-A1D0-448B-94A1-8780E07CD0CF}
	EndGlobalSection
EndGlobal
